// !$*UTF8*$!
{
	archiveVersion = 1;
	classes = {
	};
	objectVersion = 51;
	objects = {

/* Begin PBXBuildFile section */
		0464F193D01D29BD8AC4B7F1 /* Pods_ParstagramTests.framework in Frameworks */ = {isa = PBXBuildFile; fileRef = 28C71AD969DB30B60F404EB1 /* Pods_ParstagramTests.framework */; };
		4C0517F5272E04BC807AE27A /* Pods_Parstagram_ParstagramUITests.framework in Frameworks */ = {isa = PBXBuildFile; fileRef = 6D30F464217B41765F8254AD /* Pods_Parstagram_ParstagramUITests.framework */; };
		517B6AFB1EA8AA6EC2F58FDB /* Pods_Parstagram.framework in Frameworks */ = {isa = PBXBuildFile; fileRef = 825940414C696B2C660B0C6D /* Pods_Parstagram.framework */; };
		80D9A10D2526D6CF0051DAD6 /* AppDelegate.swift in Sources */ = {isa = PBXBuildFile; fileRef = 80D9A10C2526D6CF0051DAD6 /* AppDelegate.swift */; };
		80D9A10F2526D6CF0051DAD6 /* SceneDelegate.swift in Sources */ = {isa = PBXBuildFile; fileRef = 80D9A10E2526D6CF0051DAD6 /* SceneDelegate.swift */; };
		80D9A1142526D6CF0051DAD6 /* Main.storyboard in Resources */ = {isa = PBXBuildFile; fileRef = 80D9A1122526D6CF0051DAD6 /* Main.storyboard */; };
		80D9A1162526D6D20051DAD6 /* Assets.xcassets in Resources */ = {isa = PBXBuildFile; fileRef = 80D9A1152526D6D20051DAD6 /* Assets.xcassets */; };
		80D9A1192526D6D20051DAD6 /* LaunchScreen.storyboard in Resources */ = {isa = PBXBuildFile; fileRef = 80D9A1172526D6D20051DAD6 /* LaunchScreen.storyboard */; };
		80D9A1242526D6D20051DAD6 /* ParstagramTests.swift in Sources */ = {isa = PBXBuildFile; fileRef = 80D9A1232526D6D20051DAD6 /* ParstagramTests.swift */; };
		80D9A12F2526D6D20051DAD6 /* ParstagramUITests.swift in Sources */ = {isa = PBXBuildFile; fileRef = 80D9A12E2526D6D20051DAD6 /* ParstagramUITests.swift */; };
		80D9A14E2526DE9A0051DAD6 /* LoginViewController.swift in Sources */ = {isa = PBXBuildFile; fileRef = 80D9A14D2526DE9A0051DAD6 /* LoginViewController.swift */; };
		80D9A1532526DEA90051DAD6 /* FeedViewController.swift in Sources */ = {isa = PBXBuildFile; fileRef = 80D9A1522526DEA90051DAD6 /* FeedViewController.swift */; };
		80D9A1582526E9EE0051DAD6 /* CameraViewController.swift in Sources */ = {isa = PBXBuildFile; fileRef = 80D9A1572526E9EE0051DAD6 /* CameraViewController.swift */; };
		80D9A15D2526F7AF0051DAD6 /* PostCell.swift in Sources */ = {isa = PBXBuildFile; fileRef = 80D9A15C2526F7AF0051DAD6 /* PostCell.swift */; };
		80D9A16B2532DE450051DAD6 /* CommentCell.swift in Sources */ = {isa = PBXBuildFile; fileRef = 80D9A16A2532DE450051DAD6 /* CommentCell.swift */; };
/* End PBXBuildFile section */

/* Begin PBXContainerItemProxy section */
		80D9A1202526D6D20051DAD6 /* PBXContainerItemProxy */ = {
			isa = PBXContainerItemProxy;
			containerPortal = 80D9A1012526D6CF0051DAD6 /* Project object */;
			proxyType = 1;
			remoteGlobalIDString = 80D9A1082526D6CF0051DAD6;
			remoteInfo = Parstagram;
		};
		80D9A12B2526D6D20051DAD6 /* PBXContainerItemProxy */ = {
			isa = PBXContainerItemProxy;
			containerPortal = 80D9A1012526D6CF0051DAD6 /* Project object */;
			proxyType = 1;
			remoteGlobalIDString = 80D9A1082526D6CF0051DAD6;
			remoteInfo = Parstagram;
		};
/* End PBXContainerItemProxy section */

/* Begin PBXFileReference section */
		28C71AD969DB30B60F404EB1 /* Pods_ParstagramTests.framework */ = {isa = PBXFileReference; explicitFileType = wrapper.framework; includeInIndex = 0; path = Pods_ParstagramTests.framework; sourceTree = BUILT_PRODUCTS_DIR; };
		4EDCDD3810E1CDF1592ED34E /* Pods-Parstagram.release.xcconfig */ = {isa = PBXFileReference; includeInIndex = 1; lastKnownFileType = text.xcconfig; name = "Pods-Parstagram.release.xcconfig"; path = "Target Support Files/Pods-Parstagram/Pods-Parstagram.release.xcconfig"; sourceTree = "<group>"; };
		501AB4D21D5E61B3C5F1D134 /* Pods-ParstagramTests.debug.xcconfig */ = {isa = PBXFileReference; includeInIndex = 1; lastKnownFileType = text.xcconfig; name = "Pods-ParstagramTests.debug.xcconfig"; path = "Target Support Files/Pods-ParstagramTests/Pods-ParstagramTests.debug.xcconfig"; sourceTree = "<group>"; };
		6D30F464217B41765F8254AD /* Pods_Parstagram_ParstagramUITests.framework */ = {isa = PBXFileReference; explicitFileType = wrapper.framework; includeInIndex = 0; path = Pods_Parstagram_ParstagramUITests.framework; sourceTree = BUILT_PRODUCTS_DIR; };
		80D9A1092526D6CF0051DAD6 /* Parstagram.app */ = {isa = PBXFileReference; explicitFileType = wrapper.application; includeInIndex = 0; path = Parstagram.app; sourceTree = BUILT_PRODUCTS_DIR; };
		80D9A10C2526D6CF0051DAD6 /* AppDelegate.swift */ = {isa = PBXFileReference; lastKnownFileType = sourcecode.swift; path = AppDelegate.swift; sourceTree = "<group>"; };
		80D9A10E2526D6CF0051DAD6 /* SceneDelegate.swift */ = {isa = PBXFileReference; lastKnownFileType = sourcecode.swift; path = SceneDelegate.swift; sourceTree = "<group>"; };
		80D9A1132526D6CF0051DAD6 /* Base */ = {isa = PBXFileReference; lastKnownFileType = file.storyboard; name = Base; path = Base.lproj/Main.storyboard; sourceTree = "<group>"; };
		80D9A1152526D6D20051DAD6 /* Assets.xcassets */ = {isa = PBXFileReference; lastKnownFileType = folder.assetcatalog; path = Assets.xcassets; sourceTree = "<group>"; };
		80D9A1182526D6D20051DAD6 /* Base */ = {isa = PBXFileReference; lastKnownFileType = file.storyboard; name = Base; path = Base.lproj/LaunchScreen.storyboard; sourceTree = "<group>"; };
		80D9A11A2526D6D20051DAD6 /* Info.plist */ = {isa = PBXFileReference; lastKnownFileType = text.plist.xml; path = Info.plist; sourceTree = "<group>"; };
		80D9A11F2526D6D20051DAD6 /* ParstagramTests.xctest */ = {isa = PBXFileReference; explicitFileType = wrapper.cfbundle; includeInIndex = 0; path = ParstagramTests.xctest; sourceTree = BUILT_PRODUCTS_DIR; };
		80D9A1232526D6D20051DAD6 /* ParstagramTests.swift */ = {isa = PBXFileReference; lastKnownFileType = sourcecode.swift; path = ParstagramTests.swift; sourceTree = "<group>"; };
		80D9A1252526D6D20051DAD6 /* Info.plist */ = {isa = PBXFileReference; lastKnownFileType = text.plist.xml; path = Info.plist; sourceTree = "<group>"; };
		80D9A12A2526D6D20051DAD6 /* ParstagramUITests.xctest */ = {isa = PBXFileReference; explicitFileType = wrapper.cfbundle; includeInIndex = 0; path = ParstagramUITests.xctest; sourceTree = BUILT_PRODUCTS_DIR; };
		80D9A12E2526D6D20051DAD6 /* ParstagramUITests.swift */ = {isa = PBXFileReference; lastKnownFileType = sourcecode.swift; path = ParstagramUITests.swift; sourceTree = "<group>"; };
		80D9A1302526D6D20051DAD6 /* Info.plist */ = {isa = PBXFileReference; lastKnownFileType = text.plist.xml; path = Info.plist; sourceTree = "<group>"; };
		80D9A14D2526DE9A0051DAD6 /* LoginViewController.swift */ = {isa = PBXFileReference; lastKnownFileType = sourcecode.swift; path = LoginViewController.swift; sourceTree = "<group>"; };
		80D9A1522526DEA90051DAD6 /* FeedViewController.swift */ = {isa = PBXFileReference; lastKnownFileType = sourcecode.swift; path = FeedViewController.swift; sourceTree = "<group>"; };
		80D9A1572526E9EE0051DAD6 /* CameraViewController.swift */ = {isa = PBXFileReference; lastKnownFileType = sourcecode.swift; path = CameraViewController.swift; sourceTree = "<group>"; };
		80D9A15C2526F7AF0051DAD6 /* PostCell.swift */ = {isa = PBXFileReference; lastKnownFileType = sourcecode.swift; path = PostCell.swift; sourceTree = "<group>"; };
		80D9A16A2532DE450051DAD6 /* CommentCell.swift */ = {isa = PBXFileReference; lastKnownFileType = sourcecode.swift; path = CommentCell.swift; sourceTree = "<group>"; };
		825940414C696B2C660B0C6D /* Pods_Parstagram.framework */ = {isa = PBXFileReference; explicitFileType = wrapper.framework; includeInIndex = 0; path = Pods_Parstagram.framework; sourceTree = BUILT_PRODUCTS_DIR; };
		940828AE0A1DE06D6965AA50 /* Pods-Parstagram.debug.xcconfig */ = {isa = PBXFileReference; includeInIndex = 1; lastKnownFileType = text.xcconfig; name = "Pods-Parstagram.debug.xcconfig"; path = "Target Support Files/Pods-Parstagram/Pods-Parstagram.debug.xcconfig"; sourceTree = "<group>"; };
		9C58950F3BEF3392013A609D /* Pods-Parstagram-ParstagramUITests.release.xcconfig */ = {isa = PBXFileReference; includeInIndex = 1; lastKnownFileType = text.xcconfig; name = "Pods-Parstagram-ParstagramUITests.release.xcconfig"; path = "Target Support Files/Pods-Parstagram-ParstagramUITests/Pods-Parstagram-ParstagramUITests.release.xcconfig"; sourceTree = "<group>"; };
		C2A1632A993AFBD78845BB50 /* Pods-Parstagram-ParstagramUITests.debug.xcconfig */ = {isa = PBXFileReference; includeInIndex = 1; lastKnownFileType = text.xcconfig; name = "Pods-Parstagram-ParstagramUITests.debug.xcconfig"; path = "Target Support Files/Pods-Parstagram-ParstagramUITests/Pods-Parstagram-ParstagramUITests.debug.xcconfig"; sourceTree = "<group>"; };
		FB89B3E8DF157C8DDD8B2B75 /* Pods-ParstagramTests.release.xcconfig */ = {isa = PBXFileReference; includeInIndex = 1; lastKnownFileType = text.xcconfig; name = "Pods-ParstagramTests.release.xcconfig"; path = "Target Support Files/Pods-ParstagramTests/Pods-ParstagramTests.release.xcconfig"; sourceTree = "<group>"; };
/* End PBXFileReference section */

/* Begin PBXFrameworksBuildPhase section */
		80D9A1062526D6CF0051DAD6 /* Frameworks */ = {
			isa = PBXFrameworksBuildPhase;
			buildActionMask = 2147483647;
			files = (
				517B6AFB1EA8AA6EC2F58FDB /* Pods_Parstagram.framework in Frameworks */,
			);
			runOnlyForDeploymentPostprocessing = 0;
		};
		80D9A11C2526D6D20051DAD6 /* Frameworks */ = {
			isa = PBXFrameworksBuildPhase;
			buildActionMask = 2147483647;
			files = (
				0464F193D01D29BD8AC4B7F1 /* Pods_ParstagramTests.framework in Frameworks */,
			);
			runOnlyForDeploymentPostprocessing = 0;
		};
		80D9A1272526D6D20051DAD6 /* Frameworks */ = {
			isa = PBXFrameworksBuildPhase;
			buildActionMask = 2147483647;
			files = (
				4C0517F5272E04BC807AE27A /* Pods_Parstagram_ParstagramUITests.framework in Frameworks */,
			);
			runOnlyForDeploymentPostprocessing = 0;
		};
/* End PBXFrameworksBuildPhase section */

/* Begin PBXGroup section */
		80D9A1002526D6CF0051DAD6 = {
			isa = PBXGroup;
			children = (
				80D9A10B2526D6CF0051DAD6 /* Parstagram */,
				80D9A1222526D6D20051DAD6 /* ParstagramTests */,
				80D9A12D2526D6D20051DAD6 /* ParstagramUITests */,
				80D9A10A2526D6CF0051DAD6 /* Products */,
				CF8666500794D3A77B97B892 /* Pods */,
				B55342B480D16F4585C35671 /* Frameworks */,
			);
			sourceTree = "<group>";
		};
		80D9A10A2526D6CF0051DAD6 /* Products */ = {
			isa = PBXGroup;
			children = (
				80D9A1092526D6CF0051DAD6 /* Parstagram.app */,
				80D9A11F2526D6D20051DAD6 /* ParstagramTests.xctest */,
				80D9A12A2526D6D20051DAD6 /* ParstagramUITests.xctest */,
			);
			name = Products;
			sourceTree = "<group>";
		};
		80D9A10B2526D6CF0051DAD6 /* Parstagram */ = {
			isa = PBXGroup;
			children = (
				80D9A10C2526D6CF0051DAD6 /* AppDelegate.swift */,
				80D9A10E2526D6CF0051DAD6 /* SceneDelegate.swift */,
				80D9A1122526D6CF0051DAD6 /* Main.storyboard */,
				80D9A1152526D6D20051DAD6 /* Assets.xcassets */,
				80D9A1172526D6D20051DAD6 /* LaunchScreen.storyboard */,
				80D9A11A2526D6D20051DAD6 /* Info.plist */,
				80D9A14D2526DE9A0051DAD6 /* LoginViewController.swift */,
				80D9A1522526DEA90051DAD6 /* FeedViewController.swift */,
				80D9A1572526E9EE0051DAD6 /* CameraViewController.swift */,
				80D9A15C2526F7AF0051DAD6 /* PostCell.swift */,
				80D9A16A2532DE450051DAD6 /* CommentCell.swift */,
			);
			path = Parstagram;
			sourceTree = "<group>";
		};
		80D9A1222526D6D20051DAD6 /* ParstagramTests */ = {
			isa = PBXGroup;
			children = (
				80D9A1232526D6D20051DAD6 /* ParstagramTests.swift */,
				80D9A1252526D6D20051DAD6 /* Info.plist */,
			);
			path = ParstagramTests;
			sourceTree = "<group>";
		};
		80D9A12D2526D6D20051DAD6 /* ParstagramUITests */ = {
			isa = PBXGroup;
			children = (
				80D9A12E2526D6D20051DAD6 /* ParstagramUITests.swift */,
				80D9A1302526D6D20051DAD6 /* Info.plist */,
			);
			path = ParstagramUITests;
			sourceTree = "<group>";
		};
		B55342B480D16F4585C35671 /* Frameworks */ = {
			isa = PBXGroup;
			children = (
				825940414C696B2C660B0C6D /* Pods_Parstagram.framework */,
				6D30F464217B41765F8254AD /* Pods_Parstagram_ParstagramUITests.framework */,
				28C71AD969DB30B60F404EB1 /* Pods_ParstagramTests.framework */,
			);
			name = Frameworks;
			sourceTree = "<group>";
		};
		CF8666500794D3A77B97B892 /* Pods */ = {
			isa = PBXGroup;
			children = (
				940828AE0A1DE06D6965AA50 /* Pods-Parstagram.debug.xcconfig */,
				4EDCDD3810E1CDF1592ED34E /* Pods-Parstagram.release.xcconfig */,
				C2A1632A993AFBD78845BB50 /* Pods-Parstagram-ParstagramUITests.debug.xcconfig */,
				9C58950F3BEF3392013A609D /* Pods-Parstagram-ParstagramUITests.release.xcconfig */,
				501AB4D21D5E61B3C5F1D134 /* Pods-ParstagramTests.debug.xcconfig */,
				FB89B3E8DF157C8DDD8B2B75 /* Pods-ParstagramTests.release.xcconfig */,
			);
			path = Pods;
			sourceTree = "<group>";
		};
/* End PBXGroup section */

/* Begin PBXNativeTarget section */
		80D9A1082526D6CF0051DAD6 /* Parstagram */ = {
			isa = PBXNativeTarget;
			buildConfigurationList = 80D9A1332526D6D20051DAD6 /* Build configuration list for PBXNativeTarget "Parstagram" */;
			buildPhases = (
				D52A6CBC8942D4CC5E36EBFC /* [CP] Check Pods Manifest.lock */,
				80D9A1052526D6CF0051DAD6 /* Sources */,
				80D9A1062526D6CF0051DAD6 /* Frameworks */,
				80D9A1072526D6CF0051DAD6 /* Resources */,
				47B46EDA4F1055142F31E3D2 /* [CP] Embed Pods Frameworks */,
			);
			buildRules = (
			);
			dependencies = (
			);
			name = Parstagram;
			productName = Parstagram;
			productReference = 80D9A1092526D6CF0051DAD6 /* Parstagram.app */;
			productType = "com.apple.product-type.application";
		};
		80D9A11E2526D6D20051DAD6 /* ParstagramTests */ = {
			isa = PBXNativeTarget;
			buildConfigurationList = 80D9A1362526D6D20051DAD6 /* Build configuration list for PBXNativeTarget "ParstagramTests" */;
			buildPhases = (
				7006B786ABD3ED44C3A0838B /* [CP] Check Pods Manifest.lock */,
				80D9A11B2526D6D20051DAD6 /* Sources */,
				80D9A11C2526D6D20051DAD6 /* Frameworks */,
				80D9A11D2526D6D20051DAD6 /* Resources */,
			);
			buildRules = (
			);
			dependencies = (
				80D9A1212526D6D20051DAD6 /* PBXTargetDependency */,
			);
			name = ParstagramTests;
			productName = ParstagramTests;
			productReference = 80D9A11F2526D6D20051DAD6 /* ParstagramTests.xctest */;
			productType = "com.apple.product-type.bundle.unit-test";
		};
		80D9A1292526D6D20051DAD6 /* ParstagramUITests */ = {
			isa = PBXNativeTarget;
			buildConfigurationList = 80D9A1392526D6D20051DAD6 /* Build configuration list for PBXNativeTarget "ParstagramUITests" */;
			buildPhases = (
				80BFA8F4A775C7B7CB038E50 /* [CP] Check Pods Manifest.lock */,
				80D9A1262526D6D20051DAD6 /* Sources */,
				80D9A1272526D6D20051DAD6 /* Frameworks */,
				80D9A1282526D6D20051DAD6 /* Resources */,
				5B51EC4478C8F6F32EEE75A4 /* [CP] Embed Pods Frameworks */,
			);
			buildRules = (
			);
			dependencies = (
				80D9A12C2526D6D20051DAD6 /* PBXTargetDependency */,
			);
			name = ParstagramUITests;
			productName = ParstagramUITests;
			productReference = 80D9A12A2526D6D20051DAD6 /* ParstagramUITests.xctest */;
			productType = "com.apple.product-type.bundle.ui-testing";
		};
/* End PBXNativeTarget section */

/* Begin PBXProject section */
		80D9A1012526D6CF0051DAD6 /* Project object */ = {
			isa = PBXProject;
			attributes = {
				LastSwiftUpdateCheck = 1200;
				LastUpgradeCheck = 1200;
				TargetAttributes = {
					80D9A1082526D6CF0051DAD6 = {
						CreatedOnToolsVersion = 12.0.1;
					};
					80D9A11E2526D6D20051DAD6 = {
						CreatedOnToolsVersion = 12.0.1;
						TestTargetID = 80D9A1082526D6CF0051DAD6;
					};
					80D9A1292526D6D20051DAD6 = {
						CreatedOnToolsVersion = 12.0.1;
						TestTargetID = 80D9A1082526D6CF0051DAD6;
					};
				};
			};
			buildConfigurationList = 80D9A1042526D6CF0051DAD6 /* Build configuration list for PBXProject "Parstagram" */;
			compatibilityVersion = "Xcode 9.3";
			developmentRegion = en;
			hasScannedForEncodings = 0;
			knownRegions = (
				en,
				Base,
			);
			mainGroup = 80D9A1002526D6CF0051DAD6;
			productRefGroup = 80D9A10A2526D6CF0051DAD6 /* Products */;
			projectDirPath = "";
			projectRoot = "";
			targets = (
				80D9A1082526D6CF0051DAD6 /* Parstagram */,
				80D9A11E2526D6D20051DAD6 /* ParstagramTests */,
				80D9A1292526D6D20051DAD6 /* ParstagramUITests */,
			);
		};
/* End PBXProject section */

/* Begin PBXResourcesBuildPhase section */
		80D9A1072526D6CF0051DAD6 /* Resources */ = {
			isa = PBXResourcesBuildPhase;
			buildActionMask = 2147483647;
			files = (
				80D9A1192526D6D20051DAD6 /* LaunchScreen.storyboard in Resources */,
				80D9A1162526D6D20051DAD6 /* Assets.xcassets in Resources */,
				80D9A1142526D6CF0051DAD6 /* Main.storyboard in Resources */,
			);
			runOnlyForDeploymentPostprocessing = 0;
		};
		80D9A11D2526D6D20051DAD6 /* Resources */ = {
			isa = PBXResourcesBuildPhase;
			buildActionMask = 2147483647;
			files = (
			);
			runOnlyForDeploymentPostprocessing = 0;
		};
		80D9A1282526D6D20051DAD6 /* Resources */ = {
			isa = PBXResourcesBuildPhase;
			buildActionMask = 2147483647;
			files = (
			);
			runOnlyForDeploymentPostprocessing = 0;
		};
/* End PBXResourcesBuildPhase section */

/* Begin PBXShellScriptBuildPhase section */
		47B46EDA4F1055142F31E3D2 /* [CP] Embed Pods Frameworks */ = {
			isa = PBXShellScriptBuildPhase;
			buildActionMask = 2147483647;
			files = (
			);
			inputFileListPaths = (
				"${PODS_ROOT}/Target Support Files/Pods-Parstagram/Pods-Parstagram-frameworks-${CONFIGURATION}-input-files.xcfilelist",
			);
			name = "[CP] Embed Pods Frameworks";
			outputFileListPaths = (
				"${PODS_ROOT}/Target Support Files/Pods-Parstagram/Pods-Parstagram-frameworks-${CONFIGURATION}-output-files.xcfilelist",
			);
			runOnlyForDeploymentPostprocessing = 0;
			shellPath = /bin/sh;
			shellScript = "\"${PODS_ROOT}/Target Support Files/Pods-Parstagram/Pods-Parstagram-frameworks.sh\"\n";
			showEnvVarsInLog = 0;
		};
		5B51EC4478C8F6F32EEE75A4 /* [CP] Embed Pods Frameworks */ = {
			isa = PBXShellScriptBuildPhase;
			buildActionMask = 2147483647;
			files = (
			);
			inputFileListPaths = (
				"${PODS_ROOT}/Target Support Files/Pods-Parstagram-ParstagramUITests/Pods-Parstagram-ParstagramUITests-frameworks-${CONFIGURATION}-input-files.xcfilelist",
			);
			name = "[CP] Embed Pods Frameworks";
			outputFileListPaths = (
				"${PODS_ROOT}/Target Support Files/Pods-Parstagram-ParstagramUITests/Pods-Parstagram-ParstagramUITests-frameworks-${CONFIGURATION}-output-files.xcfilelist",
			);
			runOnlyForDeploymentPostprocessing = 0;
			shellPath = /bin/sh;
			shellScript = "\"${PODS_ROOT}/Target Support Files/Pods-Parstagram-ParstagramUITests/Pods-Parstagram-ParstagramUITests-frameworks.sh\"\n";
			showEnvVarsInLog = 0;
		};
		7006B786ABD3ED44C3A0838B /* [CP] Check Pods Manifest.lock */ = {
			isa = PBXShellScriptBuildPhase;
			buildActionMask = 2147483647;
			files = (
			);
			inputFileListPaths = (
			);
			inputPaths = (
				"${PODS_PODFILE_DIR_PATH}/Podfile.lock",
				"${PODS_ROOT}/Manifest.lock",
			);
			name = "[CP] Check Pods Manifest.lock";
			outputFileListPaths = (
			);
			outputPaths = (
				"$(DERIVED_FILE_DIR)/Pods-ParstagramTests-checkManifestLockResult.txt",
			);
			runOnlyForDeploymentPostprocessing = 0;
			shellPath = /bin/sh;
			shellScript = "diff \"${PODS_PODFILE_DIR_PATH}/Podfile.lock\" \"${PODS_ROOT}/Manifest.lock\" > /dev/null\nif [ $? != 0 ] ; then\n    # print error to STDERR\n    echo \"error: The sandbox is not in sync with the Podfile.lock. Run 'pod install' or update your CocoaPods installation.\" >&2\n    exit 1\nfi\n# This output is used by Xcode 'outputs' to avoid re-running this script phase.\necho \"SUCCESS\" > \"${SCRIPT_OUTPUT_FILE_0}\"\n";
			showEnvVarsInLog = 0;
		};
		80BFA8F4A775C7B7CB038E50 /* [CP] Check Pods Manifest.lock */ = {
			isa = PBXShellScriptBuildPhase;
			buildActionMask = 2147483647;
			files = (
			);
			inputFileListPaths = (
			);
			inputPaths = (
				"${PODS_PODFILE_DIR_PATH}/Podfile.lock",
				"${PODS_ROOT}/Manifest.lock",
			);
			name = "[CP] Check Pods Manifest.lock";
			outputFileListPaths = (
			);
			outputPaths = (
				"$(DERIVED_FILE_DIR)/Pods-Parstagram-ParstagramUITests-checkManifestLockResult.txt",
			);
			runOnlyForDeploymentPostprocessing = 0;
			shellPath = /bin/sh;
			shellScript = "diff \"${PODS_PODFILE_DIR_PATH}/Podfile.lock\" \"${PODS_ROOT}/Manifest.lock\" > /dev/null\nif [ $? != 0 ] ; then\n    # print error to STDERR\n    echo \"error: The sandbox is not in sync with the Podfile.lock. Run 'pod install' or update your CocoaPods installation.\" >&2\n    exit 1\nfi\n# This output is used by Xcode 'outputs' to avoid re-running this script phase.\necho \"SUCCESS\" > \"${SCRIPT_OUTPUT_FILE_0}\"\n";
			showEnvVarsInLog = 0;
		};
		D52A6CBC8942D4CC5E36EBFC /* [CP] Check Pods Manifest.lock */ = {
			isa = PBXShellScriptBuildPhase;
			buildActionMask = 2147483647;
			files = (
			);
			inputFileListPaths = (
			);
			inputPaths = (
				"${PODS_PODFILE_DIR_PATH}/Podfile.lock",
				"${PODS_ROOT}/Manifest.lock",
			);
			name = "[CP] Check Pods Manifest.lock";
			outputFileListPaths = (
			);
			outputPaths = (
				"$(DERIVED_FILE_DIR)/Pods-Parstagram-checkManifestLockResult.txt",
			);
			runOnlyForDeploymentPostprocessing = 0;
			shellPath = /bin/sh;
			shellScript = "diff \"${PODS_PODFILE_DIR_PATH}/Podfile.lock\" \"${PODS_ROOT}/Manifest.lock\" > /dev/null\nif [ $? != 0 ] ; then\n    # print error to STDERR\n    echo \"error: The sandbox is not in sync with the Podfile.lock. Run 'pod install' or update your CocoaPods installation.\" >&2\n    exit 1\nfi\n# This output is used by Xcode 'outputs' to avoid re-running this script phase.\necho \"SUCCESS\" > \"${SCRIPT_OUTPUT_FILE_0}\"\n";
			showEnvVarsInLog = 0;
		};
/* End PBXShellScriptBuildPhase section */

/* Begin PBXSourcesBuildPhase section */
		80D9A1052526D6CF0051DAD6 /* Sources */ = {
			isa = PBXSourcesBuildPhase;
			buildActionMask = 2147483647;
			files = (
				80D9A14E2526DE9A0051DAD6 /* LoginViewController.swift in Sources */,
				80D9A1582526E9EE0051DAD6 /* CameraViewController.swift in Sources */,
				80D9A10D2526D6CF0051DAD6 /* AppDelegate.swift in Sources */,
				80D9A1532526DEA90051DAD6 /* FeedViewController.swift in Sources */,
				80D9A10F2526D6CF0051DAD6 /* SceneDelegate.swift in Sources */,
				80D9A15D2526F7AF0051DAD6 /* PostCell.swift in Sources */,
				80D9A16B2532DE450051DAD6 /* CommentCell.swift in Sources */,
			);
			runOnlyForDeploymentPostprocessing = 0;
		};
		80D9A11B2526D6D20051DAD6 /* Sources */ = {
			isa = PBXSourcesBuildPhase;
			buildActionMask = 2147483647;
			files = (
				80D9A1242526D6D20051DAD6 /* ParstagramTests.swift in Sources */,
			);
			runOnlyForDeploymentPostprocessing = 0;
		};
		80D9A1262526D6D20051DAD6 /* Sources */ = {
			isa = PBXSourcesBuildPhase;
			buildActionMask = 2147483647;
			files = (
				80D9A12F2526D6D20051DAD6 /* ParstagramUITests.swift in Sources */,
			);
			runOnlyForDeploymentPostprocessing = 0;
		};
/* End PBXSourcesBuildPhase section */

/* Begin PBXTargetDependency section */
		80D9A1212526D6D20051DAD6 /* PBXTargetDependency */ = {
			isa = PBXTargetDependency;
			target = 80D9A1082526D6CF0051DAD6 /* Parstagram */;
			targetProxy = 80D9A1202526D6D20051DAD6 /* PBXContainerItemProxy */;
		};
		80D9A12C2526D6D20051DAD6 /* PBXTargetDependency */ = {
			isa = PBXTargetDependency;
			target = 80D9A1082526D6CF0051DAD6 /* Parstagram */;
			targetProxy = 80D9A12B2526D6D20051DAD6 /* PBXContainerItemProxy */;
		};
/* End PBXTargetDependency section */

/* Begin PBXVariantGroup section */
		80D9A1122526D6CF0051DAD6 /* Main.storyboard */ = {
			isa = PBXVariantGroup;
			children = (
				80D9A1132526D6CF0051DAD6 /* Base */,
			);
			name = Main.storyboard;
			sourceTree = "<group>";
		};
		80D9A1172526D6D20051DAD6 /* LaunchScreen.storyboard */ = {
			isa = PBXVariantGroup;
			children = (
				80D9A1182526D6D20051DAD6 /* Base */,
			);
			name = LaunchScreen.storyboard;
			sourceTree = "<group>";
		};
/* End PBXVariantGroup section */

/* Begin XCBuildConfiguration section */
		80D9A1312526D6D20051DAD6 /* Debug */ = {
			isa = XCBuildConfiguration;
			buildSettings = {
				ALWAYS_SEARCH_USER_PATHS = NO;
				CLANG_ANALYZER_NONNULL = YES;
				CLANG_ANALYZER_NUMBER_OBJECT_CONVERSION = YES_AGGRESSIVE;
				CLANG_CXX_LANGUAGE_STANDARD = "gnu++14";
				CLANG_CXX_LIBRARY = "libc++";
				CLANG_ENABLE_MODULES = YES;
				CLANG_ENABLE_OBJC_ARC = YES;
				CLANG_ENABLE_OBJC_WEAK = YES;
				CLANG_WARN_BLOCK_CAPTURE_AUTORELEASING = YES;
				CLANG_WARN_BOOL_CONVERSION = YES;
				CLANG_WARN_COMMA = YES;
				CLANG_WARN_CONSTANT_CONVERSION = YES;
				CLANG_WARN_DEPRECATED_OBJC_IMPLEMENTATIONS = YES;
				CLANG_WARN_DIRECT_OBJC_ISA_USAGE = YES_ERROR;
				CLANG_WARN_DOCUMENTATION_COMMENTS = YES;
				CLANG_WARN_EMPTY_BODY = YES;
				CLANG_WARN_ENUM_CONVERSION = YES;
				CLANG_WARN_INFINITE_RECURSION = YES;
				CLANG_WARN_INT_CONVERSION = YES;
				CLANG_WARN_NON_LITERAL_NULL_CONVERSION = YES;
				CLANG_WARN_OBJC_IMPLICIT_RETAIN_SELF = YES;
				CLANG_WARN_OBJC_LITERAL_CONVERSION = YES;
				CLANG_WARN_OBJC_ROOT_CLASS = YES_ERROR;
				CLANG_WARN_QUOTED_INCLUDE_IN_FRAMEWORK_HEADER = YES;
				CLANG_WARN_RANGE_LOOP_ANALYSIS = YES;
				CLANG_WARN_STRICT_PROTOTYPES = YES;
				CLANG_WARN_SUSPICIOUS_MOVE = YES;
				CLANG_WARN_UNGUARDED_AVAILABILITY = YES_AGGRESSIVE;
				CLANG_WARN_UNREACHABLE_CODE = YES;
				CLANG_WARN__DUPLICATE_METHOD_MATCH = YES;
				COPY_PHASE_STRIP = NO;
				DEBUG_INFORMATION_FORMAT = dwarf;
				ENABLE_STRICT_OBJC_MSGSEND = YES;
				ENABLE_TESTABILITY = YES;
				GCC_C_LANGUAGE_STANDARD = gnu11;
				GCC_DYNAMIC_NO_PIC = NO;
				GCC_NO_COMMON_BLOCKS = YES;
				GCC_OPTIMIZATION_LEVEL = 0;
				GCC_PREPROCESSOR_DEFINITIONS = (
					"DEBUG=1",
					"$(inherited)",
				);
				GCC_WARN_64_TO_32_BIT_CONVERSION = YES;
				GCC_WARN_ABOUT_RETURN_TYPE = YES_ERROR;
				GCC_WARN_UNDECLARED_SELECTOR = YES;
				GCC_WARN_UNINITIALIZED_AUTOS = YES_AGGRESSIVE;
				GCC_WARN_UNUSED_FUNCTION = YES;
				GCC_WARN_UNUSED_VARIABLE = YES;
				IPHONEOS_DEPLOYMENT_TARGET = 14.0;
				MTL_ENABLE_DEBUG_INFO = INCLUDE_SOURCE;
				MTL_FAST_MATH = YES;
				ONLY_ACTIVE_ARCH = YES;
				SDKROOT = iphoneos;
				SWIFT_ACTIVE_COMPILATION_CONDITIONS = DEBUG;
				SWIFT_OPTIMIZATION_LEVEL = "-Onone";
			};
			name = Debug;
		};
		80D9A1322526D6D20051DAD6 /* Release */ = {
			isa = XCBuildConfiguration;
			buildSettings = {
				ALWAYS_SEARCH_USER_PATHS = NO;
				CLANG_ANALYZER_NONNULL = YES;
				CLANG_ANALYZER_NUMBER_OBJECT_CONVERSION = YES_AGGRESSIVE;
				CLANG_CXX_LANGUAGE_STANDARD = "gnu++14";
				CLANG_CXX_LIBRARY = "libc++";
				CLANG_ENABLE_MODULES = YES;
				CLANG_ENABLE_OBJC_ARC = YES;
				CLANG_ENABLE_OBJC_WEAK = YES;
				CLANG_WARN_BLOCK_CAPTURE_AUTORELEASING = YES;
				CLANG_WARN_BOOL_CONVERSION = YES;
				CLANG_WARN_COMMA = YES;
				CLANG_WARN_CONSTANT_CONVERSION = YES;
				CLANG_WARN_DEPRECATED_OBJC_IMPLEMENTATIONS = YES;
				CLANG_WARN_DIRECT_OBJC_ISA_USAGE = YES_ERROR;
				CLANG_WARN_DOCUMENTATION_COMMENTS = YES;
				CLANG_WARN_EMPTY_BODY = YES;
				CLANG_WARN_ENUM_CONVERSION = YES;
				CLANG_WARN_INFINITE_RECURSION = YES;
				CLANG_WARN_INT_CONVERSION = YES;
				CLANG_WARN_NON_LITERAL_NULL_CONVERSION = YES;
				CLANG_WARN_OBJC_IMPLICIT_RETAIN_SELF = YES;
				CLANG_WARN_OBJC_LITERAL_CONVERSION = YES;
				CLANG_WARN_OBJC_ROOT_CLASS = YES_ERROR;
				CLANG_WARN_QUOTED_INCLUDE_IN_FRAMEWORK_HEADER = YES;
				CLANG_WARN_RANGE_LOOP_ANALYSIS = YES;
				CLANG_WARN_STRICT_PROTOTYPES = YES;
				CLANG_WARN_SUSPICIOUS_MOVE = YES;
				CLANG_WARN_UNGUARDED_AVAILABILITY = YES_AGGRESSIVE;
				CLANG_WARN_UNREACHABLE_CODE = YES;
				CLANG_WARN__DUPLICATE_METHOD_MATCH = YES;
				COPY_PHASE_STRIP = NO;
				DEBUG_INFORMATION_FORMAT = "dwarf-with-dsym";
				ENABLE_NS_ASSERTIONS = NO;
				ENABLE_STRICT_OBJC_MSGSEND = YES;
				GCC_C_LANGUAGE_STANDARD = gnu11;
				GCC_NO_COMMON_BLOCKS = YES;
				GCC_WARN_64_TO_32_BIT_CONVERSION = YES;
				GCC_WARN_ABOUT_RETURN_TYPE = YES_ERROR;
				GCC_WARN_UNDECLARED_SELECTOR = YES;
				GCC_WARN_UNINITIALIZED_AUTOS = YES_AGGRESSIVE;
				GCC_WARN_UNUSED_FUNCTION = YES;
				GCC_WARN_UNUSED_VARIABLE = YES;
				IPHONEOS_DEPLOYMENT_TARGET = 14.0;
				MTL_ENABLE_DEBUG_INFO = NO;
				MTL_FAST_MATH = YES;
				SDKROOT = iphoneos;
				SWIFT_COMPILATION_MODE = wholemodule;
				SWIFT_OPTIMIZATION_LEVEL = "-O";
				VALIDATE_PRODUCT = YES;
			};
			name = Release;
		};
		80D9A1342526D6D20051DAD6 /* Debug */ = {
			isa = XCBuildConfiguration;
			baseConfigurationReference = 940828AE0A1DE06D6965AA50 /* Pods-Parstagram.debug.xcconfig */;
			buildSettings = {
				ASSETCATALOG_COMPILER_APPICON_NAME = AppIcon;
				ASSETCATALOG_COMPILER_GLOBAL_ACCENT_COLOR_NAME = AccentColor;
				CODE_SIGN_STYLE = Automatic;
				INFOPLIST_FILE = Parstagram/Info.plist;
				LD_RUNPATH_SEARCH_PATHS = (
					"$(inherited)",
					"@executable_path/Frameworks",
				);
				PRODUCT_BUNDLE_IDENTIFIER = Codepath.Parstagram;
				PRODUCT_NAME = "$(TARGET_NAME)";
				SWIFT_VERSION = 5.0;
				TARGETED_DEVICE_FAMILY = "1,2";
			};
			name = Debug;
		};
		80D9A1352526D6D20051DAD6 /* Release */ = {
			isa = XCBuildConfiguration;
			baseConfigurationReference = 4EDCDD3810E1CDF1592ED34E /* Pods-Parstagram.release.xcconfig */;
			buildSettings = {
				ASSETCATALOG_COMPILER_APPICON_NAME = AppIcon;
				ASSETCATALOG_COMPILER_GLOBAL_ACCENT_COLOR_NAME = AccentColor;
				CODE_SIGN_STYLE = Automatic;
				INFOPLIST_FILE = Parstagram/Info.plist;
				LD_RUNPATH_SEARCH_PATHS = (
					"$(inherited)",
					"@executable_path/Frameworks",
				);
				PRODUCT_BUNDLE_IDENTIFIER = Codepath.Parstagram;
				PRODUCT_NAME = "$(TARGET_NAME)";
				SWIFT_VERSION = 5.0;
				TARGETED_DEVICE_FAMILY = "1,2";
			};
			name = Release;
		};
		80D9A1372526D6D20051DAD6 /* Debug */ = {
			isa = XCBuildConfiguration;
			baseConfigurationReference = 501AB4D21D5E61B3C5F1D134 /* Pods-ParstagramTests.debug.xcconfig */;
			buildSettings = {
				ALWAYS_EMBED_SWIFT_STANDARD_LIBRARIES = YES;
				BUNDLE_LOADER = "$(TEST_HOST)";
				CODE_SIGN_STYLE = Automatic;
				INFOPLIST_FILE = ParstagramTests/Info.plist;
				IPHONEOS_DEPLOYMENT_TARGET = 14.0;
				LD_RUNPATH_SEARCH_PATHS = (
					"$(inherited)",
					"@executable_path/Frameworks",
					"@loader_path/Frameworks",
				);
				PRODUCT_BUNDLE_IDENTIFIER = Codepath.ParstagramTests;
				PRODUCT_NAME = "$(TARGET_NAME)";
				SWIFT_VERSION = 5.0;
				TARGETED_DEVICE_FAMILY = "1,2";
				TEST_HOST = "$(BUILT_PRODUCTS_DIR)/Parstagram.app/Parstagram";
			};
			name = Debug;
		};
		80D9A1382526D6D20051DAD6 /* Release */ = {
			isa = XCBuildConfiguration;
			baseConfigurationReference = FB89B3E8DF157C8DDD8B2B75 /* Pods-ParstagramTests.release.xcconfig */;
			buildSettings = {
				ALWAYS_EMBED_SWIFT_STANDARD_LIBRARIES = YES;
				BUNDLE_LOADER = "$(TEST_HOST)";
				CODE_SIGN_STYLE = Automatic;
				INFOPLIST_FILE = ParstagramTests/Info.plist;
				IPHONEOS_DEPLOYMENT_TARGET = 14.0;
				LD_RUNPATH_SEARCH_PATHS = (
					"$(inherited)",
					"@executable_path/Frameworks",
					"@loader_path/Frameworks",
				);
				PRODUCT_BUNDLE_IDENTIFIER = Codepath.ParstagramTests;
				PRODUCT_NAME = "$(TARGET_NAME)";
				SWIFT_VERSION = 5.0;
				TARGETED_DEVICE_FAMILY = "1,2";
				TEST_HOST = "$(BUILT_PRODUCTS_DIR)/Parstagram.app/Parstagram";
			};
			name = Release;
		};
		80D9A13A2526D6D20051DAD6 /* Debug */ = {
			isa = XCBuildConfiguration;
			baseConfigurationReference = C2A1632A993AFBD78845BB50 /* Pods-Parstagram-ParstagramUITests.debug.xcconfig */;
			buildSettings = {
				ALWAYS_EMBED_SWIFT_STANDARD_LIBRARIES = YES;
				CODE_SIGN_STYLE = Automatic;
				INFOPLIST_FILE = ParstagramUITests/Info.plist;
				LD_RUNPATH_SEARCH_PATHS = (
					"$(inherited)",
					"@executable_path/Frameworks",
					"@loader_path/Frameworks",
				);
				PRODUCT_BUNDLE_IDENTIFIER = Codepath.ParstagramUITests;
				PRODUCT_NAME = "$(TARGET_NAME)";
				SWIFT_VERSION = 5.0;
				TARGETED_DEVICE_FAMILY = "1,2";
				TEST_TARGET_NAME = Parstagram;
			};
			name = Debug;
		};
		80D9A13B2526D6D20051DAD6 /* Release */ = {
			isa = XCBuildConfiguration;
			baseConfigurationReference = 9C58950F3BEF3392013A609D /* Pods-Parstagram-ParstagramUITests.release.xcconfig */;
			buildSettings = {
				ALWAYS_EMBED_SWIFT_STANDARD_LIBRARIES = YES;
				CODE_SIGN_STYLE = Automatic;
				INFOPLIST_FILE = ParstagramUITests/Info.plist;
				LD_RUNPATH_SEARCH_PATHS = (
					"$(inherited)",
					"@executable_path/Frameworks",
					"@loader_path/Frameworks",
				);
				PRODUCT_BUNDLE_IDENTIFIER = Codepath.ParstagramUITests;
				PRODUCT_NAME = "$(TARGET_NAME)";
				SWIFT_VERSION = 5.0;
				TARGETED_DEVICE_FAMILY = "1,2";
				TEST_TARGET_NAME = Parstagram;
			};
			name = Release;
		};
/* End XCBuildConfiguration section */

/* Begin XCConfigurationList section */
		80D9A1042526D6CF0051DAD6 /* Build configuration list for PBXProject "Parstagram" */ = {
			isa = XCConfigurationList;
			buildConfigurations = (
				80D9A1312526D6D20051DAD6 /* Debug */,
				80D9A1322526D6D20051DAD6 /* Release */,
			);
			defaultConfigurationIsVisible = 0;
			defaultConfigurationName = Release;
		};
		80D9A1332526D6D20051DAD6 /* Build configuration list for PBXNativeTarget "Parstagram" */ = {
			isa = XCConfigurationList;
			buildConfigurations = (
				80D9A1342526D6D20051DAD6 /* Debug */,
				80D9A1352526D6D20051DAD6 /* Release */,
			);
			defaultConfigurationIsVisible = 0;
			defaultConfigurationName = Release;
		};
		80D9A1362526D6D20051DAD6 /* Build configuration list for PBXNativeTarget "ParstagramTests" */ = {
			isa = XCConfigurationList;
			buildConfigurations = (
				80D9A1372526D6D20051DAD6 /* Debug */,
				80D9A1382526D6D20051DAD6 /* Release */,
			);
			defaultConfigurationIsVisible = 0;
			defaultConfigurationName = Release;
		};
		80D9A1392526D6D20051DAD6 /* Build configuration list for PBXNativeTarget "ParstagramUITests" */ = {
			isa = XCConfigurationList;
			buildConfigurations = (
				80D9A13A2526D6D20051DAD6 /* Debug */,
				80D9A13B2526D6D20051DAD6 /* Release */,
			);
			defaultConfigurationIsVisible = 0;
			defaultConfigurationName = Release;
		};
/* End XCConfigurationList section */
	};
	rootObject = 80D9A1012526D6CF0051DAD6 /* Project object */;
}
